
Microsoft Visual Studio Solution File, Format Version 12.00
# Visual Studio 15
VisualStudioVersion = 15.0.27428.2015
MinimumVisualStudioVersion = 10.0.40219.1
Project("{FAE04EC0-301F-11D3-BF4B-00C04F79EFBC}") = "ClassLibrary1", "ClassLibrary1\ClassLibrary1.csproj", "{6F172298-4CEE-412A-B739-A22D380CAB21}"
EndProject
Project("{FAE04EC0-301F-11D3-BF4B-00C04F79EFBC}") = "UnitTestProject1", "UnitTestProject1\UnitTestProject1.csproj", "{6A6EC7EB-1213-40A7-9E93-3D7296740105}"
EndProject
Project("{FAE04EC0-301F-11D3-BF4B-00C04F79EFBC}") = "TestesUnidade", "TestesUnidade\TestesUnidade.csproj", "{CFB07D81-7C87-472A-8F7A-8436F4155B4F}"
EndProject
Global
	GlobalSection(SolutionConfigurationPlatforms) = preSolution
		Debug|Any CPU = Debug|Any CPU
		Release|Any CPU = Release|Any CPU
	EndGlobalSection
	GlobalSection(ProjectConfigurationPlatforms) = postSolution
		{6F172298-4CEE-412A-B739-A22D380CAB21}.Debug|Any CPU.ActiveCfg = Debug|Any CPU
		{6F172298-4CEE-412A-B739-A22D380CAB21}.Debug|Any CPU.Build.0 = Debug|Any CPU
		{6F172298-4CEE-412A-B739-A22D380CAB21}.Release|Any CPU.ActiveCfg = Release|Any CPU
		{6F172298-4CEE-412A-B739-A22D380CAB21}.Release|Any CPU.Build.0 = Release|Any CPU
		{6A6EC7EB-1213-40A7-9E93-3D7296740105}.Debug|Any CPU.ActiveCfg = Debug|Any CPU
		{6A6EC7EB-1213-40A7-9E93-3D7296740105}.Debug|Any CPU.Build.0 = Debug|Any CPU
		{6A6EC7EB-1213-40A7-9E93-3D7296740105}.Release|Any CPU.ActiveCfg = Release|Any CPU
		{6A6EC7EB-1213-40A7-9E93-3D7296740105}.Release|Any CPU.Build.0 = Release|Any CPU
		{CFB07D81-7C87-472A-8F7A-8436F4155B4F}.Debug|Any CPU.ActiveCfg = Debug|Any CPU
		{CFB07D81-7C87-472A-8F7A-8436F4155B4F}.Debug|Any CPU.Build.0 = Debug|Any CPU
		{CFB07D81-7C87-472A-8F7A-8436F4155B4F}.Release|Any CPU.ActiveCfg = Release|Any CPU
		{CFB07D81-7C87-472A-8F7A-8436F4155B4F}.Release|Any CPU.Build.0 = Release|Any CPU
	EndGlobalSection
	GlobalSection(SolutionProperties) = preSolution
		HideSolutionNode = FALSE
	EndGlobalSection
	GlobalSection(ExtensibilityGlobals) = postSolution
		SolutionGuid = {5E76EF79-C62B-4FC7-9136-609E2D198449}
	EndGlobalSection
EndGlobal
